
Microsoft Visual Studio Solution File, Format Version 12.00
# Visual Studio Version 16
VisualStudioVersion = 16.0.31205.134
MinimumVisualStudioVersion = 10.0.40219.1
Project("{FAE04EC0-301F-11D3-BF4B-00C04F79EFBC}") = "Cifrado Cesar", "Cifrado Cesar\Cifrado Cesar.csproj", "{1EE71FEA-DB4D-4A9B-9B39-48360D4957D6}"
EndProject
Global
	GlobalSection(SolutionConfigurationPlatforms) = preSolution
		Debug|Any CPU = Debug|Any CPU
		Release|Any CPU = Release|Any CPU
	EndGlobalSection
	GlobalSection(ProjectConfigurationPlatforms) = postSolution
		{1EE71FEA-DB4D-4A9B-9B39-48360D4957D6}.Debug|Any CPU.ActiveCfg = Debug|Any CPU
		{1EE71FEA-DB4D-4A9B-9B39-48360D4957D6}.Debug|Any CPU.Build.0 = Debug|Any CPU
		{1EE71FEA-DB4D-4A9B-9B39-48360D4957D6}.Release|Any CPU.ActiveCfg = Release|Any CPU
		{1EE71FEA-DB4D-4A9B-9B39-48360D4957D6}.Release|Any CPU.Build.0 = Release|Any CPU
	EndGlobalSection
	GlobalSection(SolutionProperties) = preSolution
		HideSolutionNode = FALSE
	EndGlobalSection
	GlobalSection(ExtensibilityGlobals) = postSolution
		SolutionGuid = {3297DCAD-D42C-4544-987E-F267EB2C2B16}
	EndGlobalSection
EndGlobal
